
Microsoft Visual Studio Solution File, Format Version 12.00
# Visual Studio 15
VisualStudioVersion = 15.0.26124.0
MinimumVisualStudioVersion = 15.0.26124.0
Project("{FAE04EC0-301F-11D3-BF4B-00C04F79EFBC}") = "Domain", "Domain\Domain.csproj", "{F8935883-9968-4969-9FB2-6B99343620AD}"
EndProject
Project("{FAE04EC0-301F-11D3-BF4B-00C04F79EFBC}") = "Application", "Application\Application.csproj", "{733D4DE3-E4B8-4FE0-B727-64F12ED16995}"
EndProject
Project("{FAE04EC0-301F-11D3-BF4B-00C04F79EFBC}") = "Persistence", "Persistence\Persistence.csproj", "{5313C398-0640-4709-8BEC-CACFFDAE0695}"
EndProject
Project("{FAE04EC0-301F-11D3-BF4B-00C04F79EFBC}") = "API", "API\API.csproj", "{E08D7DCF-D114-4CBB-AC46-0B61776E7425}"
EndProject
Global
	GlobalSection(SolutionConfigurationPlatforms) = preSolution
		Debug|Any CPU = Debug|Any CPU
		Debug|x64 = Debug|x64
		Debug|x86 = Debug|x86
		Release|Any CPU = Release|Any CPU
		Release|x64 = Release|x64
		Release|x86 = Release|x86
	EndGlobalSection
	GlobalSection(SolutionProperties) = preSolution
		HideSolutionNode = FALSE
	EndGlobalSection
	GlobalSection(ProjectConfigurationPlatforms) = postSolution
		{F8935883-9968-4969-9FB2-6B99343620AD}.Debug|Any CPU.ActiveCfg = Debug|Any CPU
		{F8935883-9968-4969-9FB2-6B99343620AD}.Debug|Any CPU.Build.0 = Debug|Any CPU
		{F8935883-9968-4969-9FB2-6B99343620AD}.Debug|x64.ActiveCfg = Debug|Any CPU
		{F8935883-9968-4969-9FB2-6B99343620AD}.Debug|x64.Build.0 = Debug|Any CPU
		{F8935883-9968-4969-9FB2-6B99343620AD}.Debug|x86.ActiveCfg = Debug|Any CPU
		{F8935883-9968-4969-9FB2-6B99343620AD}.Debug|x86.Build.0 = Debug|Any CPU
		{F8935883-9968-4969-9FB2-6B99343620AD}.Release|Any CPU.ActiveCfg = Release|Any CPU
		{F8935883-9968-4969-9FB2-6B99343620AD}.Release|Any CPU.Build.0 = Release|Any CPU
		{F8935883-9968-4969-9FB2-6B99343620AD}.Release|x64.ActiveCfg = Release|Any CPU
		{F8935883-9968-4969-9FB2-6B99343620AD}.Release|x64.Build.0 = Release|Any CPU
		{F8935883-9968-4969-9FB2-6B99343620AD}.Release|x86.ActiveCfg = Release|Any CPU
		{F8935883-9968-4969-9FB2-6B99343620AD}.Release|x86.Build.0 = Release|Any CPU
		{733D4DE3-E4B8-4FE0-B727-64F12ED16995}.Debug|Any CPU.ActiveCfg = Debug|Any CPU
		{733D4DE3-E4B8-4FE0-B727-64F12ED16995}.Debug|Any CPU.Build.0 = Debug|Any CPU
		{733D4DE3-E4B8-4FE0-B727-64F12ED16995}.Debug|x64.ActiveCfg = Debug|Any CPU
		{733D4DE3-E4B8-4FE0-B727-64F12ED16995}.Debug|x64.Build.0 = Debug|Any CPU
		{733D4DE3-E4B8-4FE0-B727-64F12ED16995}.Debug|x86.ActiveCfg = Debug|Any CPU
		{733D4DE3-E4B8-4FE0-B727-64F12ED16995}.Debug|x86.Build.0 = Debug|Any CPU
		{733D4DE3-E4B8-4FE0-B727-64F12ED16995}.Release|Any CPU.ActiveCfg = Release|Any CPU
		{733D4DE3-E4B8-4FE0-B727-64F12ED16995}.Release|Any CPU.Build.0 = Release|Any CPU
		{733D4DE3-E4B8-4FE0-B727-64F12ED16995}.Release|x64.ActiveCfg = Release|Any CPU
		{733D4DE3-E4B8-4FE0-B727-64F12ED16995}.Release|x64.Build.0 = Release|Any CPU
		{733D4DE3-E4B8-4FE0-B727-64F12ED16995}.Release|x86.ActiveCfg = Release|Any CPU
		{733D4DE3-E4B8-4FE0-B727-64F12ED16995}.Release|x86.Build.0 = Release|Any CPU
		{5313C398-0640-4709-8BEC-CACFFDAE0695}.Debug|Any CPU.ActiveCfg = Debug|Any CPU
		{5313C398-0640-4709-8BEC-CACFFDAE0695}.Debug|Any CPU.Build.0 = Debug|Any CPU
		{5313C398-0640-4709-8BEC-CACFFDAE0695}.Debug|x64.ActiveCfg = Debug|Any CPU
		{5313C398-0640-4709-8BEC-CACFFDAE0695}.Debug|x64.Build.0 = Debug|Any CPU
		{5313C398-0640-4709-8BEC-CACFFDAE0695}.Debug|x86.ActiveCfg = Debug|Any CPU
		{5313C398-0640-4709-8BEC-CACFFDAE0695}.Debug|x86.Build.0 = Debug|Any CPU
		{5313C398-0640-4709-8BEC-CACFFDAE0695}.Release|Any CPU.ActiveCfg = Release|Any CPU
		{5313C398-0640-4709-8BEC-CACFFDAE0695}.Release|Any CPU.Build.0 = Release|Any CPU
		{5313C398-0640-4709-8BEC-CACFFDAE0695}.Release|x64.ActiveCfg = Release|Any CPU
		{5313C398-0640-4709-8BEC-CACFFDAE0695}.Release|x64.Build.0 = Release|Any CPU
		{5313C398-0640-4709-8BEC-CACFFDAE0695}.Release|x86.ActiveCfg = Release|Any CPU
		{5313C398-0640-4709-8BEC-CACFFDAE0695}.Release|x86.Build.0 = Release|Any CPU
		{E08D7DCF-D114-4CBB-AC46-0B61776E7425}.Debug|Any CPU.ActiveCfg = Debug|Any CPU
		{E08D7DCF-D114-4CBB-AC46-0B61776E7425}.Debug|Any CPU.Build.0 = Debug|Any CPU
		{E08D7DCF-D114-4CBB-AC46-0B61776E7425}.Debug|x64.ActiveCfg = Debug|Any CPU
		{E08D7DCF-D114-4CBB-AC46-0B61776E7425}.Debug|x64.Build.0 = Debug|Any CPU
		{E08D7DCF-D114-4CBB-AC46-0B61776E7425}.Debug|x86.ActiveCfg = Debug|Any CPU
		{E08D7DCF-D114-4CBB-AC46-0B61776E7425}.Debug|x86.Build.0 = Debug|Any CPU
		{E08D7DCF-D114-4CBB-AC46-0B61776E7425}.Release|Any CPU.ActiveCfg = Release|Any CPU
		{E08D7DCF-D114-4CBB-AC46-0B61776E7425}.Release|Any CPU.Build.0 = Release|Any CPU
		{E08D7DCF-D114-4CBB-AC46-0B61776E7425}.Release|x64.ActiveCfg = Release|Any CPU
		{E08D7DCF-D114-4CBB-AC46-0B61776E7425}.Release|x64.Build.0 = Release|Any CPU
		{E08D7DCF-D114-4CBB-AC46-0B61776E7425}.Release|x86.ActiveCfg = Release|Any CPU
		{E08D7DCF-D114-4CBB-AC46-0B61776E7425}.Release|x86.Build.0 = Release|Any CPU
	EndGlobalSection
EndGlobal
